
Microsoft Visual Studio Solution File, Format Version 11.00
# Visual Studio 2010
Project("{FAE04EC0-301F-11D3-BF4B-00C04F79EFBC}") = "LawnMowerGit", "Assembly-CSharp-firstpass.csproj", "{F9DDDE7C-1DCF-21A6-862C-07A494513302}"
EndProject
Project("{FAE04EC0-301F-11D3-BF4B-00C04F79EFBC}") = "LawnMowerGit", "Assembly-CSharp.csproj", "{538E31C5-61C7-CE7B-D9BA-CB3CE31FF50B}"
EndProject
Project("{FAE04EC0-301F-11D3-BF4B-00C04F79EFBC}") = "LawnMowerGit", "Assembly-CSharp-Editor-firstpass.csproj", "{20E0563D-6296-0DD9-B8B3-774BD9FE8CD8}"
EndProject
Global
	GlobalSection(SolutionConfigurationPlatforms) = preSolution
		Debug|Any CPU = Debug|Any CPU
		Release|Any CPU = Release|Any CPU
	EndGlobalSection
	GlobalSection(ProjectConfigurationPlatforms) = postSolution
		{F9DDDE7C-1DCF-21A6-862C-07A494513302}.Debug|Any CPU.ActiveCfg = Debug|Any CPU
		{F9DDDE7C-1DCF-21A6-862C-07A494513302}.Debug|Any CPU.Build.0 = Debug|Any CPU
		{F9DDDE7C-1DCF-21A6-862C-07A494513302}.Release|Any CPU.ActiveCfg = Release|Any CPU
		{F9DDDE7C-1DCF-21A6-862C-07A494513302}.Release|Any CPU.Build.0 = Release|Any CPU
		{538E31C5-61C7-CE7B-D9BA-CB3CE31FF50B}.Debug|Any CPU.ActiveCfg = Debug|Any CPU
		{538E31C5-61C7-CE7B-D9BA-CB3CE31FF50B}.Debug|Any CPU.Build.0 = Debug|Any CPU
		{538E31C5-61C7-CE7B-D9BA-CB3CE31FF50B}.Release|Any CPU.ActiveCfg = Release|Any CPU
		{538E31C5-61C7-CE7B-D9BA-CB3CE31FF50B}.Release|Any CPU.Build.0 = Release|Any CPU
		{20E0563D-6296-0DD9-B8B3-774BD9FE8CD8}.Debug|Any CPU.ActiveCfg = Debug|Any CPU
		{20E0563D-6296-0DD9-B8B3-774BD9FE8CD8}.Debug|Any CPU.Build.0 = Debug|Any CPU
		{20E0563D-6296-0DD9-B8B3-774BD9FE8CD8}.Release|Any CPU.ActiveCfg = Release|Any CPU
		{20E0563D-6296-0DD9-B8B3-774BD9FE8CD8}.Release|Any CPU.Build.0 = Release|Any CPU
	EndGlobalSection
	GlobalSection(SolutionProperties) = preSolution
		HideSolutionNode = FALSE
	EndGlobalSection
	GlobalSection(MonoDevelopProperties) = preSolution
		StartupItem = Assembly-CSharp.csproj
	EndGlobalSection
EndGlobal
